
Microsoft Visual Studio Solution File, Format Version 12.00
# Visual Studio Version 16
VisualStudioVersion = 16.0.31515.178
MinimumVisualStudioVersion = 10.0.40219.1
Project("{FAE04EC0-301F-11D3-BF4B-00C04F79EFBC}") = "RazorSegundoProjeto", "RazorSegundoProjeto.csproj", "{46C95F64-CD94-4C57-B24D-2268BDA1C1BE}"
EndProject
Global
	GlobalSection(SolutionConfigurationPlatforms) = preSolution
		Debug|Any CPU = Debug|Any CPU
		Release|Any CPU = Release|Any CPU
	EndGlobalSection
	GlobalSection(ProjectConfigurationPlatforms) = postSolution
		{46C95F64-CD94-4C57-B24D-2268BDA1C1BE}.Debug|Any CPU.ActiveCfg = Debug|Any CPU
		{46C95F64-CD94-4C57-B24D-2268BDA1C1BE}.Debug|Any CPU.Build.0 = Debug|Any CPU
		{46C95F64-CD94-4C57-B24D-2268BDA1C1BE}.Release|Any CPU.ActiveCfg = Release|Any CPU
		{46C95F64-CD94-4C57-B24D-2268BDA1C1BE}.Release|Any CPU.Build.0 = Release|Any CPU
	EndGlobalSection
	GlobalSection(SolutionProperties) = preSolution
		HideSolutionNode = FALSE
	EndGlobalSection
	GlobalSection(ExtensibilityGlobals) = postSolution
		SolutionGuid = {882811D8-1E91-4720-8052-4D76EB29E57D}
	EndGlobalSection
EndGlobal
